
Microsoft Visual Studio Solution File, Format Version 12.00
# Visual Studio Version 17
VisualStudioVersion = 17.5.002.0
MinimumVisualStudioVersion = 10.0.40219.1
Project("{9A19103F-16F7-4668-BE54-9A1E7A4F7556}") = "EduZanga", "EduZanga\EduZanga.csproj", "{BFBAB9C4-3878-4630-897C-AAB60B8F4C5E}"
EndProject
Project("{9A19103F-16F7-4668-BE54-9A1E7A4F7556}") = "EduZanga.Web", "EduZanga.Web\EduZanga.Web.csproj", "{DE134359-C61D-4D85-B152-926F6F223AB3}"
EndProject
Project("{9A19103F-16F7-4668-BE54-9A1E7A4F7556}") = "EduZanga.Shared", "EduZanga.Shared\EduZanga.Shared.csproj", "{1FC3C124-D1AE-4B65-BED6-513A42CC2070}"
EndProject
Project("{FAE04EC0-301F-11D3-BF4B-00C04F79EFBC}") = "EduZanga.Model", "EduZanga.Model\EduZanga.Model.csproj", "{8A229EFD-3D86-4A8E-82F4-E86CBA7E9143}"
EndProject
Global
	GlobalSection(SolutionConfigurationPlatforms) = preSolution
		Debug|Any CPU = Debug|Any CPU
		Release|Any CPU = Release|Any CPU
	EndGlobalSection
	GlobalSection(ProjectConfigurationPlatforms) = postSolution
		{BFBAB9C4-3878-4630-897C-AAB60B8F4C5E}.Debug|Any CPU.ActiveCfg = Debug|Any CPU
		{BFBAB9C4-3878-4630-897C-AAB60B8F4C5E}.Debug|Any CPU.Build.0 = Debug|Any CPU
		{BFBAB9C4-3878-4630-897C-AAB60B8F4C5E}.Release|Any CPU.ActiveCfg = Release|Any CPU
		{BFBAB9C4-3878-4630-897C-AAB60B8F4C5E}.Release|Any CPU.Build.0 = Release|Any CPU
		{DE134359-C61D-4D85-B152-926F6F223AB3}.Debug|Any CPU.ActiveCfg = Debug|Any CPU
		{DE134359-C61D-4D85-B152-926F6F223AB3}.Debug|Any CPU.Build.0 = Debug|Any CPU
		{DE134359-C61D-4D85-B152-926F6F223AB3}.Release|Any CPU.ActiveCfg = Release|Any CPU
		{DE134359-C61D-4D85-B152-926F6F223AB3}.Release|Any CPU.Build.0 = Release|Any CPU
		{1FC3C124-D1AE-4B65-BED6-513A42CC2070}.Debug|Any CPU.ActiveCfg = Debug|Any CPU
		{1FC3C124-D1AE-4B65-BED6-513A42CC2070}.Debug|Any CPU.Build.0 = Debug|Any CPU
		{1FC3C124-D1AE-4B65-BED6-513A42CC2070}.Release|Any CPU.ActiveCfg = Release|Any CPU
		{1FC3C124-D1AE-4B65-BED6-513A42CC2070}.Release|Any CPU.Build.0 = Release|Any CPU
		{8A229EFD-3D86-4A8E-82F4-E86CBA7E9143}.Debug|Any CPU.ActiveCfg = Debug|Any CPU
		{8A229EFD-3D86-4A8E-82F4-E86CBA7E9143}.Debug|Any CPU.Build.0 = Debug|Any CPU
		{8A229EFD-3D86-4A8E-82F4-E86CBA7E9143}.Release|Any CPU.ActiveCfg = Release|Any CPU
		{8A229EFD-3D86-4A8E-82F4-E86CBA7E9143}.Release|Any CPU.Build.0 = Release|Any CPU
	EndGlobalSection
	GlobalSection(SolutionProperties) = preSolution
		HideSolutionNode = FALSE
	EndGlobalSection
	GlobalSection(ExtensibilityGlobals) = postSolution
		SolutionGuid = {6D9E1FB0-9478-43D0-9EB7-A3A18EC0C546}
	EndGlobalSection
EndGlobal
